
Microsoft Visual Studio Solution File, Format Version 12.00
# Visual Studio Version 17
VisualStudioVersion = 17.9.34723.18
MinimumVisualStudioVersion = 10.0.40219.1
Project("{2150E333-8FDC-42A3-9474-1A3956D46DE8}") = "Services", "Services", "{5A9D918E-E62C-495E-A336-7CEC9B0A3167}"
EndProject
Project("{2150E333-8FDC-42A3-9474-1A3956D46DE8}") = "Catalog", "Catalog", "{02F125B3-C59A-4512-9A7F-A9BA80ED1DE1}"
EndProject
Project("{9A19103F-16F7-4668-BE54-9A1E7A4F7556}") = "Catalog.Api", "Services\Catalog\Catalog.Api\Catalog.Api.csproj", "{EB69F801-0EEE-4705-9396-68A4A9EA1304}"
EndProject
Project("{2150E333-8FDC-42A3-9474-1A3956D46DE8}") = "BuildingBlocks", "BuildingBlocks", "{E3C5ECBE-A39A-478F-AC6B-331B058B0226}"
EndProject
Project("{9A19103F-16F7-4668-BE54-9A1E7A4F7556}") = "BuildingBlocks", "BuildingBlocks\BuildingBlocks\BuildingBlocks.csproj", "{DAE97242-2BAD-4CD4-9214-7267E19F8047}"
EndProject
Project("{E53339B2-1760-4266-BCC7-CA923CBCF16C}") = "docker-compose", "docker-compose.dcproj", "{2E61E6E3-E4C8-4012-B870-EB770271CDAE}"
EndProject
Project("{2150E333-8FDC-42A3-9474-1A3956D46DE8}") = "Basket", "Basket", "{7FDA0231-D575-451B-BE64-57FFBC99969C}"
EndProject
Project("{9A19103F-16F7-4668-BE54-9A1E7A4F7556}") = "Basket.Api", "Services\Basket\Basket.Api\Basket.Api.csproj", "{17F82F70-8B7C-4986-BAA0-F9F151400F01}"
EndProject
Project("{2150E333-8FDC-42A3-9474-1A3956D46DE8}") = "Discount", "Discount", "{519AF353-C114-4AF2-AE72-BE3A430279E3}"
EndProject
Project("{9A19103F-16F7-4668-BE54-9A1E7A4F7556}") = "Discount.Grpc", "Services\Discount\Discount.Grpc\Discount.Grpc.csproj", "{33EDE744-1AB6-4758-AC2A-E8229D23C009}"
EndProject
Project("{2150E333-8FDC-42A3-9474-1A3956D46DE8}") = "Ordering", "Ordering", "{ECACCBFB-2FE0-4A17-B259-DD1275B92414}"
EndProject
Project("{9A19103F-16F7-4668-BE54-9A1E7A4F7556}") = "Ordering.Api", "Services\Ordering\Ordering.Api\Ordering.Api.csproj", "{717DFAE6-4937-44E4-9147-5F8AB5321080}"
EndProject
Project("{9A19103F-16F7-4668-BE54-9A1E7A4F7556}") = "Ordering.Domain", "Services\Ordering\Ordering.Domain\Ordering.Domain.csproj", "{B9262704-DCBB-4C64-8501-A1B39D10D16F}"
EndProject
Project("{9A19103F-16F7-4668-BE54-9A1E7A4F7556}") = "Ordering.Application", "Services\Ordering\Ordering.Application\Ordering.Application.csproj", "{9D68F084-AE5A-43AB-A1C8-DF9A99551082}"
EndProject
Project("{9A19103F-16F7-4668-BE54-9A1E7A4F7556}") = "Ordering.Infrastructure", "Services\Ordering\Ordering.Infrastructure\Ordering.Infrastructure.csproj", "{C7A55621-F993-4AA5-9358-F6B667A7E078}"
EndProject
Project("{9A19103F-16F7-4668-BE54-9A1E7A4F7556}") = "BuildingBlocks.Messaging", "BuildingBlocks\Messaging\BuildingBlocks.Messaging\BuildingBlocks.Messaging.csproj", "{B4F9A94A-E617-4C0E-A814-6E246EBC3C9F}"
EndProject
Project("{2150E333-8FDC-42A3-9474-1A3956D46DE8}") = "Api.Gateways", "Api.Gateways", "{F8239146-3A0F-4F6F-817E-ECA584FA5A24}"
EndProject
Project("{FAE04EC0-301F-11D3-BF4B-00C04F79EFBC}") = "YarpApiGateway", "ApiGateways\YarpApiGateway\YarpApiGateway.csproj", "{52E7FACB-809A-4E65-A411-83210BF13646}"
EndProject
Project("{2150E333-8FDC-42A3-9474-1A3956D46DE8}") = "WebApps", "WebApps", "{FCE3D5EF-91AF-4B25-A3E7-BE02D876E5A3}"
EndProject
Project("{FAE04EC0-301F-11D3-BF4B-00C04F79EFBC}") = "Shopping.Web", "WebApps\Shopping.Web\Shopping.Web.csproj", "{BC395330-245B-455F-90E0-AD710E4933ED}"
EndProject
Global
	GlobalSection(SolutionConfigurationPlatforms) = preSolution
		Debug|Any CPU = Debug|Any CPU
		Release|Any CPU = Release|Any CPU
	EndGlobalSection
	GlobalSection(ProjectConfigurationPlatforms) = postSolution
		{EB69F801-0EEE-4705-9396-68A4A9EA1304}.Debug|Any CPU.ActiveCfg = Debug|Any CPU
		{EB69F801-0EEE-4705-9396-68A4A9EA1304}.Debug|Any CPU.Build.0 = Debug|Any CPU
		{EB69F801-0EEE-4705-9396-68A4A9EA1304}.Release|Any CPU.ActiveCfg = Release|Any CPU
		{EB69F801-0EEE-4705-9396-68A4A9EA1304}.Release|Any CPU.Build.0 = Release|Any CPU
		{DAE97242-2BAD-4CD4-9214-7267E19F8047}.Debug|Any CPU.ActiveCfg = Debug|Any CPU
		{DAE97242-2BAD-4CD4-9214-7267E19F8047}.Debug|Any CPU.Build.0 = Debug|Any CPU
		{DAE97242-2BAD-4CD4-9214-7267E19F8047}.Release|Any CPU.ActiveCfg = Release|Any CPU
		{DAE97242-2BAD-4CD4-9214-7267E19F8047}.Release|Any CPU.Build.0 = Release|Any CPU
		{2E61E6E3-E4C8-4012-B870-EB770271CDAE}.Debug|Any CPU.ActiveCfg = Debug|Any CPU
		{2E61E6E3-E4C8-4012-B870-EB770271CDAE}.Debug|Any CPU.Build.0 = Debug|Any CPU
		{2E61E6E3-E4C8-4012-B870-EB770271CDAE}.Release|Any CPU.ActiveCfg = Release|Any CPU
		{2E61E6E3-E4C8-4012-B870-EB770271CDAE}.Release|Any CPU.Build.0 = Release|Any CPU
		{17F82F70-8B7C-4986-BAA0-F9F151400F01}.Debug|Any CPU.ActiveCfg = Debug|Any CPU
		{17F82F70-8B7C-4986-BAA0-F9F151400F01}.Debug|Any CPU.Build.0 = Debug|Any CPU
		{17F82F70-8B7C-4986-BAA0-F9F151400F01}.Release|Any CPU.ActiveCfg = Release|Any CPU
		{17F82F70-8B7C-4986-BAA0-F9F151400F01}.Release|Any CPU.Build.0 = Release|Any CPU
		{33EDE744-1AB6-4758-AC2A-E8229D23C009}.Debug|Any CPU.ActiveCfg = Debug|Any CPU
		{33EDE744-1AB6-4758-AC2A-E8229D23C009}.Debug|Any CPU.Build.0 = Debug|Any CPU
		{33EDE744-1AB6-4758-AC2A-E8229D23C009}.Release|Any CPU.ActiveCfg = Release|Any CPU
		{33EDE744-1AB6-4758-AC2A-E8229D23C009}.Release|Any CPU.Build.0 = Release|Any CPU
		{717DFAE6-4937-44E4-9147-5F8AB5321080}.Debug|Any CPU.ActiveCfg = Debug|Any CPU
		{717DFAE6-4937-44E4-9147-5F8AB5321080}.Debug|Any CPU.Build.0 = Debug|Any CPU
		{717DFAE6-4937-44E4-9147-5F8AB5321080}.Release|Any CPU.ActiveCfg = Release|Any CPU
		{717DFAE6-4937-44E4-9147-5F8AB5321080}.Release|Any CPU.Build.0 = Release|Any CPU
		{B9262704-DCBB-4C64-8501-A1B39D10D16F}.Debug|Any CPU.ActiveCfg = Debug|Any CPU
		{B9262704-DCBB-4C64-8501-A1B39D10D16F}.Debug|Any CPU.Build.0 = Debug|Any CPU
		{B9262704-DCBB-4C64-8501-A1B39D10D16F}.Release|Any CPU.ActiveCfg = Release|Any CPU
		{B9262704-DCBB-4C64-8501-A1B39D10D16F}.Release|Any CPU.Build.0 = Release|Any CPU
		{9D68F084-AE5A-43AB-A1C8-DF9A99551082}.Debug|Any CPU.ActiveCfg = Debug|Any CPU
		{9D68F084-AE5A-43AB-A1C8-DF9A99551082}.Debug|Any CPU.Build.0 = Debug|Any CPU
		{9D68F084-AE5A-43AB-A1C8-DF9A99551082}.Release|Any CPU.ActiveCfg = Release|Any CPU
		{9D68F084-AE5A-43AB-A1C8-DF9A99551082}.Release|Any CPU.Build.0 = Release|Any CPU
		{C7A55621-F993-4AA5-9358-F6B667A7E078}.Debug|Any CPU.ActiveCfg = Debug|Any CPU
		{C7A55621-F993-4AA5-9358-F6B667A7E078}.Debug|Any CPU.Build.0 = Debug|Any CPU
		{C7A55621-F993-4AA5-9358-F6B667A7E078}.Release|Any CPU.ActiveCfg = Release|Any CPU
		{C7A55621-F993-4AA5-9358-F6B667A7E078}.Release|Any CPU.Build.0 = Release|Any CPU
		{B4F9A94A-E617-4C0E-A814-6E246EBC3C9F}.Debug|Any CPU.ActiveCfg = Debug|Any CPU
		{B4F9A94A-E617-4C0E-A814-6E246EBC3C9F}.Debug|Any CPU.Build.0 = Debug|Any CPU
		{B4F9A94A-E617-4C0E-A814-6E246EBC3C9F}.Release|Any CPU.ActiveCfg = Release|Any CPU
		{B4F9A94A-E617-4C0E-A814-6E246EBC3C9F}.Release|Any CPU.Build.0 = Release|Any CPU
		{52E7FACB-809A-4E65-A411-83210BF13646}.Debug|Any CPU.ActiveCfg = Debug|Any CPU
		{52E7FACB-809A-4E65-A411-83210BF13646}.Debug|Any CPU.Build.0 = Debug|Any CPU
		{52E7FACB-809A-4E65-A411-83210BF13646}.Release|Any CPU.ActiveCfg = Release|Any CPU
		{52E7FACB-809A-4E65-A411-83210BF13646}.Release|Any CPU.Build.0 = Release|Any CPU
		{BC395330-245B-455F-90E0-AD710E4933ED}.Debug|Any CPU.ActiveCfg = Debug|Any CPU
		{BC395330-245B-455F-90E0-AD710E4933ED}.Debug|Any CPU.Build.0 = Debug|Any CPU
		{BC395330-245B-455F-90E0-AD710E4933ED}.Release|Any CPU.ActiveCfg = Release|Any CPU
		{BC395330-245B-455F-90E0-AD710E4933ED}.Release|Any CPU.Build.0 = Release|Any CPU
	EndGlobalSection
	GlobalSection(SolutionProperties) = preSolution
		HideSolutionNode = FALSE
	EndGlobalSection
	GlobalSection(NestedProjects) = preSolution
		{02F125B3-C59A-4512-9A7F-A9BA80ED1DE1} = {5A9D918E-E62C-495E-A336-7CEC9B0A3167}
		{EB69F801-0EEE-4705-9396-68A4A9EA1304} = {02F125B3-C59A-4512-9A7F-A9BA80ED1DE1}
		{DAE97242-2BAD-4CD4-9214-7267E19F8047} = {E3C5ECBE-A39A-478F-AC6B-331B058B0226}
		{7FDA0231-D575-451B-BE64-57FFBC99969C} = {5A9D918E-E62C-495E-A336-7CEC9B0A3167}
		{17F82F70-8B7C-4986-BAA0-F9F151400F01} = {7FDA0231-D575-451B-BE64-57FFBC99969C}
		{519AF353-C114-4AF2-AE72-BE3A430279E3} = {5A9D918E-E62C-495E-A336-7CEC9B0A3167}
		{33EDE744-1AB6-4758-AC2A-E8229D23C009} = {519AF353-C114-4AF2-AE72-BE3A430279E3}
		{ECACCBFB-2FE0-4A17-B259-DD1275B92414} = {5A9D918E-E62C-495E-A336-7CEC9B0A3167}
		{717DFAE6-4937-44E4-9147-5F8AB5321080} = {ECACCBFB-2FE0-4A17-B259-DD1275B92414}
		{B9262704-DCBB-4C64-8501-A1B39D10D16F} = {ECACCBFB-2FE0-4A17-B259-DD1275B92414}
		{9D68F084-AE5A-43AB-A1C8-DF9A99551082} = {ECACCBFB-2FE0-4A17-B259-DD1275B92414}
		{C7A55621-F993-4AA5-9358-F6B667A7E078} = {ECACCBFB-2FE0-4A17-B259-DD1275B92414}
		{B4F9A94A-E617-4C0E-A814-6E246EBC3C9F} = {E3C5ECBE-A39A-478F-AC6B-331B058B0226}
		{52E7FACB-809A-4E65-A411-83210BF13646} = {F8239146-3A0F-4F6F-817E-ECA584FA5A24}
		{BC395330-245B-455F-90E0-AD710E4933ED} = {FCE3D5EF-91AF-4B25-A3E7-BE02D876E5A3}
	EndGlobalSection
	GlobalSection(ExtensibilityGlobals) = postSolution
		SolutionGuid = {F5AE41FD-86A0-4AF6-8ABC-810CD3571B68}
	EndGlobalSection
EndGlobal
